// !$*UTF8*$!
{
	archiveVersion = 1;
	classes = {
	};
	objectVersion = 56;
	objects = {

/* Begin PBXBuildFile section */
		772FACE61FC07DD612CE6184 /* Pods_BackgroundRemovalTests.framework in Frameworks */ = {isa = PBXBuildFile; fileRef = EC30F54E629E0E4ED0444460 /* Pods_BackgroundRemovalTests.framework */; };
		961A0B9029E2632D005991B9 /* Queue.swift in Sources */ = {isa = PBXBuildFile; fileRef = 961A0B8F29E2632D005991B9 /* Queue.swift */; };
		9621ABC02995E69D00B77A6B /* ClothingCollectionViewCell.swift in Sources */ = {isa = PBXBuildFile; fileRef = 9621ABBF2995E69D00B77A6B /* ClothingCollectionViewCell.swift */; };
		967328E628FA5C2400F7D909 /* AppDelegate.swift in Sources */ = {isa = PBXBuildFile; fileRef = 967328E528FA5C2400F7D909 /* AppDelegate.swift */; };
		967328E828FA5C2400F7D909 /* SceneDelegate.swift in Sources */ = {isa = PBXBuildFile; fileRef = 967328E728FA5C2400F7D909 /* SceneDelegate.swift */; };
		967328EA28FA5C2400F7D909 /* ClosetViewController.swift in Sources */ = {isa = PBXBuildFile; fileRef = 967328E928FA5C2400F7D909 /* ClosetViewController.swift */; };
		967328EF28FA5C2600F7D909 /* Assets.xcassets in Resources */ = {isa = PBXBuildFile; fileRef = 967328EE28FA5C2600F7D909 /* Assets.xcassets */; };
		967328F228FA5C2600F7D909 /* LaunchScreen.storyboard in Resources */ = {isa = PBXBuildFile; fileRef = 967328F028FA5C2600F7D909 /* LaunchScreen.storyboard */; };
		967ADA9428FCCB5B00942FF1 /* BackgroundRemovalTests.swift in Sources */ = {isa = PBXBuildFile; fileRef = 967ADA9328FCCB5B00942FF1 /* BackgroundRemovalTests.swift */; };
		9694FA75295F82230016D367 /* BackgroundRemoval.swift in Sources */ = {isa = PBXBuildFile; fileRef = 9694FA74295F82230016D367 /* BackgroundRemoval.swift */; };
		969BDB452A0883A200D8C141 /* ClothingItemViewController.swift in Sources */ = {isa = PBXBuildFile; fileRef = 969BDB442A0883A200D8C141 /* ClothingItemViewController.swift */; };
		969BDB472A0886E600D8C141 /* ClothingItem.swift in Sources */ = {isa = PBXBuildFile; fileRef = 969BDB462A0886E600D8C141 /* ClothingItem.swift */; };
		96A93A1D2A01F46500A3D374 /* ImageScale.swift in Sources */ = {isa = PBXBuildFile; fileRef = 96A93A1C2A01F46500A3D374 /* ImageScale.swift */; };
		96A93A1F2A020A2D00A3D374 /* ImageScaleTests.swift in Sources */ = {isa = PBXBuildFile; fileRef = 96A93A1E2A020A2D00A3D374 /* ImageScaleTests.swift */; };
		96E3447229A5BA50000131B1 /* ClothingCollectionReusableView.swift in Sources */ = {isa = PBXBuildFile; fileRef = 96E3447129A5BA50000131B1 /* ClothingCollectionReusableView.swift */; };
		96F0E5AF291CBBBC00B5BB3F /* GoogleService-Info.plist in Resources */ = {isa = PBXBuildFile; fileRef = 96F0E5AE291CBBBB00B5BB3F /* GoogleService-Info.plist */; };
		BC302B78A1602231CDA09574 /* Pods_OutfitGenerator.framework in Frameworks */ = {isa = PBXBuildFile; fileRef = F1C01469FAA1C35AE26E434C /* Pods_OutfitGenerator.framework */; };
/* End PBXBuildFile section */

/* Begin PBXContainerItemProxy section */
		967ADA9528FCCB5B00942FF1 /* PBXContainerItemProxy */ = {
			isa = PBXContainerItemProxy;
			containerPortal = 967328DA28FA5C2400F7D909 /* Project object */;
			proxyType = 1;
			remoteGlobalIDString = 967328E128FA5C2400F7D909;
			remoteInfo = OutfitGenerator;
		};
/* End PBXContainerItemProxy section */

/* Begin PBXFileReference section */
		22CDE9721252498C28560BFE /* Pods-OutfitGeneratorTests.debug.xcconfig */ = {isa = PBXFileReference; includeInIndex = 1; lastKnownFileType = text.xcconfig; name = "Pods-OutfitGeneratorTests.debug.xcconfig"; path = "Target Support Files/Pods-OutfitGeneratorTests/Pods-OutfitGeneratorTests.debug.xcconfig"; sourceTree = "<group>"; };
		31A549F5D4583051609860DD /* Pods-OutfitGenerator.debug.xcconfig */ = {isa = PBXFileReference; includeInIndex = 1; lastKnownFileType = text.xcconfig; name = "Pods-OutfitGenerator.debug.xcconfig"; path = "Target Support Files/Pods-OutfitGenerator/Pods-OutfitGenerator.debug.xcconfig"; sourceTree = "<group>"; };
		4DECB8AFC89569C75B090DE2 /* Pods-BackgroundRemovalTests.release.xcconfig */ = {isa = PBXFileReference; includeInIndex = 1; lastKnownFileType = text.xcconfig; name = "Pods-BackgroundRemovalTests.release.xcconfig"; path = "Target Support Files/Pods-BackgroundRemovalTests/Pods-BackgroundRemovalTests.release.xcconfig"; sourceTree = "<group>"; };
		53DBDCEEFA5257B16123C9A2 /* Pods-OutfitGenerator.release.xcconfig */ = {isa = PBXFileReference; includeInIndex = 1; lastKnownFileType = text.xcconfig; name = "Pods-OutfitGenerator.release.xcconfig"; path = "Target Support Files/Pods-OutfitGenerator/Pods-OutfitGenerator.release.xcconfig"; sourceTree = "<group>"; };
		6A3AB680B38A63E33FBC264D /* Pods-OutfitGeneratorTests.release.xcconfig */ = {isa = PBXFileReference; includeInIndex = 1; lastKnownFileType = text.xcconfig; name = "Pods-OutfitGeneratorTests.release.xcconfig"; path = "Target Support Files/Pods-OutfitGeneratorTests/Pods-OutfitGeneratorTests.release.xcconfig"; sourceTree = "<group>"; };
		901E74DFA0AAB1636FEDEA8E /* Pods-BackgroundRemovalTests.debug.xcconfig */ = {isa = PBXFileReference; includeInIndex = 1; lastKnownFileType = text.xcconfig; name = "Pods-BackgroundRemovalTests.debug.xcconfig"; path = "Target Support Files/Pods-BackgroundRemovalTests/Pods-BackgroundRemovalTests.debug.xcconfig"; sourceTree = "<group>"; };
		961A0B8F29E2632D005991B9 /* Queue.swift */ = {isa = PBXFileReference; lastKnownFileType = sourcecode.swift; path = Queue.swift; sourceTree = "<group>"; };
		9621ABBF2995E69D00B77A6B /* ClothingCollectionViewCell.swift */ = {isa = PBXFileReference; lastKnownFileType = sourcecode.swift; path = ClothingCollectionViewCell.swift; sourceTree = "<group>"; };
		967328E228FA5C2400F7D909 /* OutfitGenerator.app */ = {isa = PBXFileReference; explicitFileType = wrapper.application; includeInIndex = 0; path = OutfitGenerator.app; sourceTree = BUILT_PRODUCTS_DIR; };
		967328E528FA5C2400F7D909 /* AppDelegate.swift */ = {isa = PBXFileReference; lastKnownFileType = sourcecode.swift; path = AppDelegate.swift; sourceTree = "<group>"; };
		967328E728FA5C2400F7D909 /* SceneDelegate.swift */ = {isa = PBXFileReference; lastKnownFileType = sourcecode.swift; path = SceneDelegate.swift; sourceTree = "<group>"; };
		967328E928FA5C2400F7D909 /* ClosetViewController.swift */ = {isa = PBXFileReference; lastKnownFileType = sourcecode.swift; path = ClosetViewController.swift; sourceTree = "<group>"; };
		967328EE28FA5C2600F7D909 /* Assets.xcassets */ = {isa = PBXFileReference; lastKnownFileType = folder.assetcatalog; path = Assets.xcassets; sourceTree = "<group>"; };
		967328F128FA5C2600F7D909 /* Base */ = {isa = PBXFileReference; lastKnownFileType = file.storyboard; name = Base; path = Base.lproj/LaunchScreen.storyboard; sourceTree = "<group>"; };
		967328F328FA5C2600F7D909 /* Info.plist */ = {isa = PBXFileReference; lastKnownFileType = text.plist.xml; path = Info.plist; sourceTree = "<group>"; };
		967ADA9128FCCB5B00942FF1 /* OutfitGeneratorTests.xctest */ = {isa = PBXFileReference; explicitFileType = wrapper.cfbundle; includeInIndex = 0; path = OutfitGeneratorTests.xctest; sourceTree = BUILT_PRODUCTS_DIR; };
		967ADA9328FCCB5B00942FF1 /* BackgroundRemovalTests.swift */ = {isa = PBXFileReference; lastKnownFileType = sourcecode.swift; path = BackgroundRemovalTests.swift; sourceTree = "<group>"; };
		9694FA74295F82230016D367 /* BackgroundRemoval.swift */ = {isa = PBXFileReference; lastKnownFileType = sourcecode.swift; path = BackgroundRemoval.swift; sourceTree = "<group>"; };
		969BDB442A0883A200D8C141 /* ClothingItemViewController.swift */ = {isa = PBXFileReference; lastKnownFileType = sourcecode.swift; path = ClothingItemViewController.swift; sourceTree = "<group>"; };
		969BDB462A0886E600D8C141 /* ClothingItem.swift */ = {isa = PBXFileReference; lastKnownFileType = sourcecode.swift; path = ClothingItem.swift; sourceTree = "<group>"; };
		96A93A1C2A01F46500A3D374 /* ImageScale.swift */ = {isa = PBXFileReference; lastKnownFileType = sourcecode.swift; path = ImageScale.swift; sourceTree = "<group>"; };
		96A93A1E2A020A2D00A3D374 /* ImageScaleTests.swift */ = {isa = PBXFileReference; lastKnownFileType = sourcecode.swift; path = ImageScaleTests.swift; sourceTree = "<group>"; };
		96E3447129A5BA50000131B1 /* ClothingCollectionReusableView.swift */ = {isa = PBXFileReference; lastKnownFileType = sourcecode.swift; path = ClothingCollectionReusableView.swift; sourceTree = "<group>"; };
		96F0E5AE291CBBBB00B5BB3F /* GoogleService-Info.plist */ = {isa = PBXFileReference; fileEncoding = 4; lastKnownFileType = text.plist.xml; path = "GoogleService-Info.plist"; sourceTree = "<group>"; };
		EC30F54E629E0E4ED0444460 /* Pods_BackgroundRemovalTests.framework */ = {isa = PBXFileReference; explicitFileType = wrapper.framework; includeInIndex = 0; path = Pods_BackgroundRemovalTests.framework; sourceTree = BUILT_PRODUCTS_DIR; };
		F1C01469FAA1C35AE26E434C /* Pods_OutfitGenerator.framework */ = {isa = PBXFileReference; explicitFileType = wrapper.framework; includeInIndex = 0; path = Pods_OutfitGenerator.framework; sourceTree = BUILT_PRODUCTS_DIR; };
/* End PBXFileReference section */

/* Begin PBXFrameworksBuildPhase section */
		967328DF28FA5C2400F7D909 /* Frameworks */ = {
			isa = PBXFrameworksBuildPhase;
			buildActionMask = 2147483647;
			files = (
				BC302B78A1602231CDA09574 /* Pods_OutfitGenerator.framework in Frameworks */,
			);
			runOnlyForDeploymentPostprocessing = 0;
		};
		967ADA8E28FCCB5B00942FF1 /* Frameworks */ = {
			isa = PBXFrameworksBuildPhase;
			buildActionMask = 2147483647;
			files = (
				772FACE61FC07DD612CE6184 /* Pods_BackgroundRemovalTests.framework in Frameworks */,
			);
			runOnlyForDeploymentPostprocessing = 0;
		};
/* End PBXFrameworksBuildPhase section */

/* Begin PBXGroup section */
		96376F8729024B2500E34E54 /* Views */ = {
			isa = PBXGroup;
			children = (
				9621ABBF2995E69D00B77A6B /* ClothingCollectionViewCell.swift */,
				96E3447129A5BA50000131B1 /* ClothingCollectionReusableView.swift */,
				969BDB462A0886E600D8C141 /* ClothingItem.swift */,
			);
			path = Views;
			sourceTree = "<group>";
		};
		967328D928FA5C2400F7D909 = {
			isa = PBXGroup;
			children = (
				967328E428FA5C2400F7D909 /* OutfitGenerator */,
				967ADA9228FCCB5B00942FF1 /* OutfitGeneratorTests */,
				967328E328FA5C2400F7D909 /* Products */,
				E1D303364E5F120EE710EA2F /* Pods */,
				A27650145F8B67BFF2DCBA25 /* Frameworks */,
			);
			sourceTree = "<group>";
		};
		967328E328FA5C2400F7D909 /* Products */ = {
			isa = PBXGroup;
			children = (
				967328E228FA5C2400F7D909 /* OutfitGenerator.app */,
				967ADA9128FCCB5B00942FF1 /* OutfitGeneratorTests.xctest */,
			);
			name = Products;
			sourceTree = "<group>";
		};
		967328E428FA5C2400F7D909 /* OutfitGenerator */ = {
			isa = PBXGroup;
			children = (
				967328E528FA5C2400F7D909 /* AppDelegate.swift */,
				967328E728FA5C2400F7D909 /* SceneDelegate.swift */,
				9694FA76295F82700016D367 /* Models */,
				96376F8729024B2500E34E54 /* Views */,
				96974E3A290648B5007501AE /* Controllers */,
				967328EE28FA5C2600F7D909 /* Assets.xcassets */,
				967328F028FA5C2600F7D909 /* LaunchScreen.storyboard */,
				967328F328FA5C2600F7D909 /* Info.plist */,
				96F0E5AE291CBBBB00B5BB3F /* GoogleService-Info.plist */,
			);
			path = OutfitGenerator;
			sourceTree = "<group>";
		};
		967ADA9228FCCB5B00942FF1 /* OutfitGeneratorTests */ = {
			isa = PBXGroup;
			children = (
				96A93A1E2A020A2D00A3D374 /* ImageScaleTests.swift */,
				967ADA9328FCCB5B00942FF1 /* BackgroundRemovalTests.swift */,
			);
			path = OutfitGeneratorTests;
			sourceTree = "<group>";
		};
		9694FA76295F82700016D367 /* Models */ = {
			isa = PBXGroup;
			children = (
				9694FA74295F82230016D367 /* BackgroundRemoval.swift */,
				96A93A1C2A01F46500A3D374 /* ImageScale.swift */,
				961A0B8F29E2632D005991B9 /* Queue.swift */,
			);
			path = Models;
			sourceTree = "<group>";
		};
		96974E3A290648B5007501AE /* Controllers */ = {
			isa = PBXGroup;
			children = (
				967328E928FA5C2400F7D909 /* ClosetViewController.swift */,
				969BDB442A0883A200D8C141 /* ClothingItemViewController.swift */,
			);
			path = Controllers;
			sourceTree = "<group>";
		};
		A27650145F8B67BFF2DCBA25 /* Frameworks */ = {
			isa = PBXGroup;
			children = (
				F1C01469FAA1C35AE26E434C /* Pods_OutfitGenerator.framework */,
				EC30F54E629E0E4ED0444460 /* Pods_BackgroundRemovalTests.framework */,
			);
			name = Frameworks;
			sourceTree = "<group>";
		};
		E1D303364E5F120EE710EA2F /* Pods */ = {
			isa = PBXGroup;
			children = (
				31A549F5D4583051609860DD /* Pods-OutfitGenerator.debug.xcconfig */,
				53DBDCEEFA5257B16123C9A2 /* Pods-OutfitGenerator.release.xcconfig */,
				22CDE9721252498C28560BFE /* Pods-OutfitGeneratorTests.debug.xcconfig */,
				6A3AB680B38A63E33FBC264D /* Pods-OutfitGeneratorTests.release.xcconfig */,
				901E74DFA0AAB1636FEDEA8E /* Pods-BackgroundRemovalTests.debug.xcconfig */,
				4DECB8AFC89569C75B090DE2 /* Pods-BackgroundRemovalTests.release.xcconfig */,
			);
			path = Pods;
			sourceTree = "<group>";
		};
/* End PBXGroup section */

/* Begin PBXNativeTarget section */
		967328E128FA5C2400F7D909 /* OutfitGenerator */ = {
			isa = PBXNativeTarget;
			buildConfigurationList = 967328F628FA5C2600F7D909 /* Build configuration list for PBXNativeTarget "OutfitGenerator" */;
			buildPhases = (
				D42C67FB0596662AA88AC9BD /* [CP] Check Pods Manifest.lock */,
				967328DE28FA5C2400F7D909 /* Sources */,
				967328DF28FA5C2400F7D909 /* Frameworks */,
				967328E028FA5C2400F7D909 /* Resources */,
				3E6DE5A0E2ECDCF0CDF571E9 /* [CP] Embed Pods Frameworks */,
			);
			buildRules = (
			);
			dependencies = (
			);
			name = OutfitGenerator;
			productName = OutfitGenerator;
			productReference = 967328E228FA5C2400F7D909 /* OutfitGenerator.app */;
			productType = "com.apple.product-type.application";
		};
		967ADA9028FCCB5B00942FF1 /* OutfitGeneratorTests */ = {
			isa = PBXNativeTarget;
			buildConfigurationList = 967ADA9928FCCB5B00942FF1 /* Build configuration list for PBXNativeTarget "OutfitGeneratorTests" */;
			buildPhases = (
				89434F713DC6277FFFFC1076 /* [CP] Check Pods Manifest.lock */,
				967ADA8D28FCCB5B00942FF1 /* Sources */,
				967ADA8E28FCCB5B00942FF1 /* Frameworks */,
				967ADA8F28FCCB5B00942FF1 /* Resources */,
			);
			buildRules = (
			);
			dependencies = (
				967ADA9628FCCB5B00942FF1 /* PBXTargetDependency */,
			);
			name = OutfitGeneratorTests;
			productName = OutfitGeneratorTests;
			productReference = 967ADA9128FCCB5B00942FF1 /* OutfitGeneratorTests.xctest */;
			productType = "com.apple.product-type.bundle.unit-test";
		};
/* End PBXNativeTarget section */

/* Begin PBXProject section */
		967328DA28FA5C2400F7D909 /* Project object */ = {
			isa = PBXProject;
			attributes = {
				BuildIndependentTargetsInParallel = 1;
				LastSwiftUpdateCheck = 1400;
				LastUpgradeCheck = 1400;
				TargetAttributes = {
					967328E128FA5C2400F7D909 = {
						CreatedOnToolsVersion = 14.0.1;
					};
					967ADA9028FCCB5B00942FF1 = {
						CreatedOnToolsVersion = 14.0.1;
						TestTargetID = 967328E128FA5C2400F7D909;
					};
				};
			};
			buildConfigurationList = 967328DD28FA5C2400F7D909 /* Build configuration list for PBXProject "OutfitGenerator" */;
			compatibilityVersion = "Xcode 14.0";
			developmentRegion = en;
			hasScannedForEncodings = 0;
			knownRegions = (
				en,
				Base,
			);
			mainGroup = 967328D928FA5C2400F7D909;
			productRefGroup = 967328E328FA5C2400F7D909 /* Products */;
			projectDirPath = "";
			projectRoot = "";
			targets = (
				967328E128FA5C2400F7D909 /* OutfitGenerator */,
				967ADA9028FCCB5B00942FF1 /* OutfitGeneratorTests */,
			);
		};
/* End PBXProject section */

/* Begin PBXResourcesBuildPhase section */
		967328E028FA5C2400F7D909 /* Resources */ = {
			isa = PBXResourcesBuildPhase;
			buildActionMask = 2147483647;
			files = (
				967328F228FA5C2600F7D909 /* LaunchScreen.storyboard in Resources */,
				967328EF28FA5C2600F7D909 /* Assets.xcassets in Resources */,
				96F0E5AF291CBBBC00B5BB3F /* GoogleService-Info.plist in Resources */,
			);
			runOnlyForDeploymentPostprocessing = 0;
		};
		967ADA8F28FCCB5B00942FF1 /* Resources */ = {
			isa = PBXResourcesBuildPhase;
			buildActionMask = 2147483647;
			files = (
			);
			runOnlyForDeploymentPostprocessing = 0;
		};
/* End PBXResourcesBuildPhase section */

/* Begin PBXShellScriptBuildPhase section */
		3E6DE5A0E2ECDCF0CDF571E9 /* [CP] Embed Pods Frameworks */ = {
			isa = PBXShellScriptBuildPhase;
			buildActionMask = 2147483647;
			files = (
			);
			inputFileListPaths = (
				"${PODS_ROOT}/Target Support Files/Pods-OutfitGenerator/Pods-OutfitGenerator-frameworks-${CONFIGURATION}-input-files.xcfilelist",
			);
			name = "[CP] Embed Pods Frameworks";
			outputFileListPaths = (
				"${PODS_ROOT}/Target Support Files/Pods-OutfitGenerator/Pods-OutfitGenerator-frameworks-${CONFIGURATION}-output-files.xcfilelist",
			);
			runOnlyForDeploymentPostprocessing = 0;
			shellPath = /bin/sh;
			shellScript = "\"${PODS_ROOT}/Target Support Files/Pods-OutfitGenerator/Pods-OutfitGenerator-frameworks.sh\"\n";
			showEnvVarsInLog = 0;
		};
		89434F713DC6277FFFFC1076 /* [CP] Check Pods Manifest.lock */ = {
			isa = PBXShellScriptBuildPhase;
			buildActionMask = 2147483647;
			files = (
			);
			inputFileListPaths = (
			);
			inputPaths = (
				"${PODS_PODFILE_DIR_PATH}/Podfile.lock",
				"${PODS_ROOT}/Manifest.lock",
			);
			name = "[CP] Check Pods Manifest.lock";
			outputFileListPaths = (
			);
			outputPaths = (
				"$(DERIVED_FILE_DIR)/Pods-BackgroundRemovalTests-checkManifestLockResult.txt",
			);
			runOnlyForDeploymentPostprocessing = 0;
			shellPath = /bin/sh;
			shellScript = "diff \"${PODS_PODFILE_DIR_PATH}/Podfile.lock\" \"${PODS_ROOT}/Manifest.lock\" > /dev/null\nif [ $? != 0 ] ; then\n    # print error to STDERR\n    echo \"error: The sandbox is not in sync with the Podfile.lock. Run 'pod install' or update your CocoaPods installation.\" >&2\n    exit 1\nfi\n# This output is used by Xcode 'outputs' to avoid re-running this script phase.\necho \"SUCCESS\" > \"${SCRIPT_OUTPUT_FILE_0}\"\n";
			showEnvVarsInLog = 0;
		};
		D42C67FB0596662AA88AC9BD /* [CP] Check Pods Manifest.lock */ = {
			isa = PBXShellScriptBuildPhase;
			buildActionMask = 2147483647;
			files = (
			);
			inputFileListPaths = (
			);
			inputPaths = (
				"${PODS_PODFILE_DIR_PATH}/Podfile.lock",
				"${PODS_ROOT}/Manifest.lock",
			);
			name = "[CP] Check Pods Manifest.lock";
			outputFileListPaths = (
			);
			outputPaths = (
				"$(DERIVED_FILE_DIR)/Pods-OutfitGenerator-checkManifestLockResult.txt",
			);
			runOnlyForDeploymentPostprocessing = 0;
			shellPath = /bin/sh;
			shellScript = "diff \"${PODS_PODFILE_DIR_PATH}/Podfile.lock\" \"${PODS_ROOT}/Manifest.lock\" > /dev/null\nif [ $? != 0 ] ; then\n    # print error to STDERR\n    echo \"error: The sandbox is not in sync with the Podfile.lock. Run 'pod install' or update your CocoaPods installation.\" >&2\n    exit 1\nfi\n# This output is used by Xcode 'outputs' to avoid re-running this script phase.\necho \"SUCCESS\" > \"${SCRIPT_OUTPUT_FILE_0}\"\n";
			showEnvVarsInLog = 0;
		};
/* End PBXShellScriptBuildPhase section */

/* Begin PBXSourcesBuildPhase section */
		967328DE28FA5C2400F7D909 /* Sources */ = {
			isa = PBXSourcesBuildPhase;
			buildActionMask = 2147483647;
			files = (
				969BDB472A0886E600D8C141 /* ClothingItem.swift in Sources */,
				96E3447229A5BA50000131B1 /* ClothingCollectionReusableView.swift in Sources */,
				969BDB452A0883A200D8C141 /* ClothingItemViewController.swift in Sources */,
				961A0B9029E2632D005991B9 /* Queue.swift in Sources */,
				967328EA28FA5C2400F7D909 /* ClosetViewController.swift in Sources */,
				967328E628FA5C2400F7D909 /* AppDelegate.swift in Sources */,
				9621ABC02995E69D00B77A6B /* ClothingCollectionViewCell.swift in Sources */,
				967328E828FA5C2400F7D909 /* SceneDelegate.swift in Sources */,
				96A93A1D2A01F46500A3D374 /* ImageScale.swift in Sources */,
				9694FA75295F82230016D367 /* BackgroundRemoval.swift in Sources */,
			);
			runOnlyForDeploymentPostprocessing = 0;
		};
		967ADA8D28FCCB5B00942FF1 /* Sources */ = {
			isa = PBXSourcesBuildPhase;
			buildActionMask = 2147483647;
			files = (
				96A93A1F2A020A2D00A3D374 /* ImageScaleTests.swift in Sources */,
				967ADA9428FCCB5B00942FF1 /* BackgroundRemovalTests.swift in Sources */,
			);
			runOnlyForDeploymentPostprocessing = 0;
		};
/* End PBXSourcesBuildPhase section */

/* Begin PBXTargetDependency section */
		967ADA9628FCCB5B00942FF1 /* PBXTargetDependency */ = {
			isa = PBXTargetDependency;
			target = 967328E128FA5C2400F7D909 /* OutfitGenerator */;
			targetProxy = 967ADA9528FCCB5B00942FF1 /* PBXContainerItemProxy */;
		};
/* End PBXTargetDependency section */

/* Begin PBXVariantGroup section */
		967328F028FA5C2600F7D909 /* LaunchScreen.storyboard */ = {
			isa = PBXVariantGroup;
			children = (
				967328F128FA5C2600F7D909 /* Base */,
			);
			name = LaunchScreen.storyboard;
			sourceTree = "<group>";
		};
/* End PBXVariantGroup section */

/* Begin XCBuildConfiguration section */
		967328F428FA5C2600F7D909 /* Debug */ = {
			isa = XCBuildConfiguration;
			buildSettings = {
				ALWAYS_SEARCH_USER_PATHS = NO;
				CLANG_ANALYZER_NONNULL = YES;
				CLANG_ANALYZER_NUMBER_OBJECT_CONVERSION = YES_AGGRESSIVE;
				CLANG_CXX_LANGUAGE_STANDARD = "gnu++20";
				CLANG_ENABLE_MODULES = YES;
				CLANG_ENABLE_OBJC_ARC = YES;
				CLANG_ENABLE_OBJC_WEAK = YES;
				CLANG_WARN_BLOCK_CAPTURE_AUTORELEASING = YES;
				CLANG_WARN_BOOL_CONVERSION = YES;
				CLANG_WARN_COMMA = YES;
				CLANG_WARN_CONSTANT_CONVERSION = YES;
				CLANG_WARN_DEPRECATED_OBJC_IMPLEMENTATIONS = YES;
				CLANG_WARN_DIRECT_OBJC_ISA_USAGE = YES_ERROR;
				CLANG_WARN_DOCUMENTATION_COMMENTS = YES;
				CLANG_WARN_EMPTY_BODY = YES;
				CLANG_WARN_ENUM_CONVERSION = YES;
				CLANG_WARN_INFINITE_RECURSION = YES;
				CLANG_WARN_INT_CONVERSION = YES;
				CLANG_WARN_NON_LITERAL_NULL_CONVERSION = YES;
				CLANG_WARN_OBJC_IMPLICIT_RETAIN_SELF = YES;
				CLANG_WARN_OBJC_LITERAL_CONVERSION = YES;
				CLANG_WARN_OBJC_ROOT_CLASS = YES_ERROR;
				CLANG_WARN_QUOTED_INCLUDE_IN_FRAMEWORK_HEADER = YES;
				CLANG_WARN_RANGE_LOOP_ANALYSIS = YES;
				CLANG_WARN_STRICT_PROTOTYPES = YES;
				CLANG_WARN_SUSPICIOUS_MOVE = YES;
				CLANG_WARN_UNGUARDED_AVAILABILITY = YES_AGGRESSIVE;
				CLANG_WARN_UNREACHABLE_CODE = YES;
				CLANG_WARN__DUPLICATE_METHOD_MATCH = YES;
				COPY_PHASE_STRIP = NO;
				DEBUG_INFORMATION_FORMAT = dwarf;
				ENABLE_STRICT_OBJC_MSGSEND = YES;
				ENABLE_TESTABILITY = YES;
				GCC_C_LANGUAGE_STANDARD = gnu11;
				GCC_DYNAMIC_NO_PIC = NO;
				GCC_NO_COMMON_BLOCKS = YES;
				GCC_OPTIMIZATION_LEVEL = 0;
				GCC_PREPROCESSOR_DEFINITIONS = (
					"DEBUG=1",
					"$(inherited)",
				);
				GCC_WARN_64_TO_32_BIT_CONVERSION = YES;
				GCC_WARN_ABOUT_RETURN_TYPE = YES_ERROR;
				GCC_WARN_UNDECLARED_SELECTOR = YES;
				GCC_WARN_UNINITIALIZED_AUTOS = YES_AGGRESSIVE;
				GCC_WARN_UNUSED_FUNCTION = YES;
				GCC_WARN_UNUSED_VARIABLE = YES;
				IPHONEOS_DEPLOYMENT_TARGET = 16.0;
				MTL_ENABLE_DEBUG_INFO = INCLUDE_SOURCE;
				MTL_FAST_MATH = YES;
				ONLY_ACTIVE_ARCH = YES;
				SDKROOT = iphoneos;
				SWIFT_ACTIVE_COMPILATION_CONDITIONS = DEBUG;
				SWIFT_OPTIMIZATION_LEVEL = "-Onone";
			};
			name = Debug;
		};
		967328F528FA5C2600F7D909 /* Release */ = {
			isa = XCBuildConfiguration;
			buildSettings = {
				ALWAYS_SEARCH_USER_PATHS = NO;
				CLANG_ANALYZER_NONNULL = YES;
				CLANG_ANALYZER_NUMBER_OBJECT_CONVERSION = YES_AGGRESSIVE;
				CLANG_CXX_LANGUAGE_STANDARD = "gnu++20";
				CLANG_ENABLE_MODULES = YES;
				CLANG_ENABLE_OBJC_ARC = YES;
				CLANG_ENABLE_OBJC_WEAK = YES;
				CLANG_WARN_BLOCK_CAPTURE_AUTORELEASING = YES;
				CLANG_WARN_BOOL_CONVERSION = YES;
				CLANG_WARN_COMMA = YES;
				CLANG_WARN_CONSTANT_CONVERSION = YES;
				CLANG_WARN_DEPRECATED_OBJC_IMPLEMENTATIONS = YES;
				CLANG_WARN_DIRECT_OBJC_ISA_USAGE = YES_ERROR;
				CLANG_WARN_DOCUMENTATION_COMMENTS = YES;
				CLANG_WARN_EMPTY_BODY = YES;
				CLANG_WARN_ENUM_CONVERSION = YES;
				CLANG_WARN_INFINITE_RECURSION = YES;
				CLANG_WARN_INT_CONVERSION = YES;
				CLANG_WARN_NON_LITERAL_NULL_CONVERSION = YES;
				CLANG_WARN_OBJC_IMPLICIT_RETAIN_SELF = YES;
				CLANG_WARN_OBJC_LITERAL_CONVERSION = YES;
				CLANG_WARN_OBJC_ROOT_CLASS = YES_ERROR;
				CLANG_WARN_QUOTED_INCLUDE_IN_FRAMEWORK_HEADER = YES;
				CLANG_WARN_RANGE_LOOP_ANALYSIS = YES;
				CLANG_WARN_STRICT_PROTOTYPES = YES;
				CLANG_WARN_SUSPICIOUS_MOVE = YES;
				CLANG_WARN_UNGUARDED_AVAILABILITY = YES_AGGRESSIVE;
				CLANG_WARN_UNREACHABLE_CODE = YES;
				CLANG_WARN__DUPLICATE_METHOD_MATCH = YES;
				COPY_PHASE_STRIP = NO;
				DEBUG_INFORMATION_FORMAT = "dwarf-with-dsym";
				ENABLE_NS_ASSERTIONS = NO;
				ENABLE_STRICT_OBJC_MSGSEND = YES;
				GCC_C_LANGUAGE_STANDARD = gnu11;
				GCC_NO_COMMON_BLOCKS = YES;
				GCC_WARN_64_TO_32_BIT_CONVERSION = YES;
				GCC_WARN_ABOUT_RETURN_TYPE = YES_ERROR;
				GCC_WARN_UNDECLARED_SELECTOR = YES;
				GCC_WARN_UNINITIALIZED_AUTOS = YES_AGGRESSIVE;
				GCC_WARN_UNUSED_FUNCTION = YES;
				GCC_WARN_UNUSED_VARIABLE = YES;
				IPHONEOS_DEPLOYMENT_TARGET = 16.0;
				MTL_ENABLE_DEBUG_INFO = NO;
				MTL_FAST_MATH = YES;
				SDKROOT = iphoneos;
				SWIFT_COMPILATION_MODE = wholemodule;
				SWIFT_OPTIMIZATION_LEVEL = "-O";
				VALIDATE_PRODUCT = YES;
			};
			name = Release;
		};
		967328F728FA5C2600F7D909 /* Debug */ = {
			isa = XCBuildConfiguration;
			baseConfigurationReference = 31A549F5D4583051609860DD /* Pods-OutfitGenerator.debug.xcconfig */;
			buildSettings = {
				ASSETCATALOG_COMPILER_APPICON_NAME = AppIcon;
				ASSETCATALOG_COMPILER_GLOBAL_ACCENT_COLOR_NAME = AccentColor;
				CODE_SIGN_STYLE = Automatic;
				CURRENT_PROJECT_VERSION = 1;
				DEVELOPMENT_TEAM = 845G8X8JMS;
				GENERATE_INFOPLIST_FILE = YES;
				INFOPLIST_FILE = OutfitGenerator/Info.plist;
				INFOPLIST_KEY_UIApplicationSupportsIndirectInputEvents = YES;
				INFOPLIST_KEY_UILaunchStoryboardName = LaunchScreen;
				INFOPLIST_KEY_UISupportedInterfaceOrientations_iPad = "UIInterfaceOrientationPortrait UIInterfaceOrientationPortraitUpsideDown UIInterfaceOrientationLandscapeLeft UIInterfaceOrientationLandscapeRight";
				INFOPLIST_KEY_UISupportedInterfaceOrientations_iPhone = "UIInterfaceOrientationPortrait UIInterfaceOrientationLandscapeLeft UIInterfaceOrientationLandscapeRight";
				LD_RUNPATH_SEARCH_PATHS = (
					"$(inherited)",
					"@executable_path/Frameworks",
				);
				MARKETING_VERSION = 1.0;
				PRODUCT_BUNDLE_IDENTIFIER = com.github.japanesecoffee.OutfitGenerator;
				PRODUCT_NAME = "$(TARGET_NAME)";
				SWIFT_EMIT_LOC_STRINGS = YES;
				SWIFT_VERSION = 5.0;
				TARGETED_DEVICE_FAMILY = "1,2";
			};
			name = Debug;
		};
		967328F828FA5C2600F7D909 /* Release */ = {
			isa = XCBuildConfiguration;
			baseConfigurationReference = 53DBDCEEFA5257B16123C9A2 /* Pods-OutfitGenerator.release.xcconfig */;
			buildSettings = {
				ASSETCATALOG_COMPILER_APPICON_NAME = AppIcon;
				ASSETCATALOG_COMPILER_GLOBAL_ACCENT_COLOR_NAME = AccentColor;
				CODE_SIGN_STYLE = Automatic;
				CURRENT_PROJECT_VERSION = 1;
				DEVELOPMENT_TEAM = 845G8X8JMS;
				GENERATE_INFOPLIST_FILE = YES;
				INFOPLIST_FILE = OutfitGenerator/Info.plist;
				INFOPLIST_KEY_UIApplicationSupportsIndirectInputEvents = YES;
				INFOPLIST_KEY_UILaunchStoryboardName = LaunchScreen;
				INFOPLIST_KEY_UISupportedInterfaceOrientations_iPad = "UIInterfaceOrientationPortrait UIInterfaceOrientationPortraitUpsideDown UIInterfaceOrientationLandscapeLeft UIInterfaceOrientationLandscapeRight";
				INFOPLIST_KEY_UISupportedInterfaceOrientations_iPhone = "UIInterfaceOrientationPortrait UIInterfaceOrientationLandscapeLeft UIInterfaceOrientationLandscapeRight";
				LD_RUNPATH_SEARCH_PATHS = (
					"$(inherited)",
					"@executable_path/Frameworks",
				);
				MARKETING_VERSION = 1.0;
				PRODUCT_BUNDLE_IDENTIFIER = com.github.japanesecoffee.OutfitGenerator;
				PRODUCT_NAME = "$(TARGET_NAME)";
				SWIFT_EMIT_LOC_STRINGS = YES;
				SWIFT_VERSION = 5.0;
				TARGETED_DEVICE_FAMILY = "1,2";
			};
			name = Release;
		};
		967ADA9728FCCB5B00942FF1 /* Debug */ = {
			isa = XCBuildConfiguration;
			baseConfigurationReference = 901E74DFA0AAB1636FEDEA8E /* Pods-BackgroundRemovalTests.debug.xcconfig */;
			buildSettings = {
				BUNDLE_LOADER = "$(TEST_HOST)";
				CODE_SIGN_STYLE = Automatic;
				CURRENT_PROJECT_VERSION = 1;
				DEVELOPMENT_TEAM = 845G8X8JMS;
				GENERATE_INFOPLIST_FILE = YES;
				IPHONEOS_DEPLOYMENT_TARGET = 16.0;
				MACOSX_DEPLOYMENT_TARGET = 12.3;
				MARKETING_VERSION = 1.0;
				PRODUCT_BUNDLE_IDENTIFIER = com.github.japanesecoffee.OutfitGeneratorTests;
				PRODUCT_NAME = "$(TARGET_NAME)";
				SDKROOT = auto;
				SUPPORTED_PLATFORMS = "iphoneos iphonesimulator macosx";
				SWIFT_EMIT_LOC_STRINGS = NO;
				SWIFT_VERSION = 5.0;
				TARGETED_DEVICE_FAMILY = "1,2";
				TEST_HOST = "$(BUILT_PRODUCTS_DIR)/OutfitGenerator.app/$(BUNDLE_EXECUTABLE_FOLDER_PATH)/OutfitGenerator";
			};
			name = Debug;
		};
		967ADA9828FCCB5B00942FF1 /* Release */ = {
			isa = XCBuildConfiguration;
			baseConfigurationReference = 4DECB8AFC89569C75B090DE2 /* Pods-BackgroundRemovalTests.release.xcconfig */;
			buildSettings = {
				BUNDLE_LOADER = "$(TEST_HOST)";
				CODE_SIGN_STYLE = Automatic;
				CURRENT_PROJECT_VERSION = 1;
				DEVELOPMENT_TEAM = 845G8X8JMS;
				GENERATE_INFOPLIST_FILE = YES;
				IPHONEOS_DEPLOYMENT_TARGET = 16.0;
				MACOSX_DEPLOYMENT_TARGET = 12.3;
				MARKETING_VERSION = 1.0;
				PRODUCT_BUNDLE_IDENTIFIER = com.github.japanesecoffee.OutfitGeneratorTests;
				PRODUCT_NAME = "$(TARGET_NAME)";
				SDKROOT = auto;
				SUPPORTED_PLATFORMS = "iphoneos iphonesimulator macosx";
				SWIFT_EMIT_LOC_STRINGS = NO;
				SWIFT_VERSION = 5.0;
				TARGETED_DEVICE_FAMILY = "1,2";
				TEST_HOST = "$(BUILT_PRODUCTS_DIR)/OutfitGenerator.app/$(BUNDLE_EXECUTABLE_FOLDER_PATH)/OutfitGenerator";
			};
			name = Release;
		};
/* End XCBuildConfiguration section */

/* Begin XCConfigurationList section */
		967328DD28FA5C2400F7D909 /* Build configuration list for PBXProject "OutfitGenerator" */ = {
			isa = XCConfigurationList;
			buildConfigurations = (
				967328F428FA5C2600F7D909 /* Debug */,
				967328F528FA5C2600F7D909 /* Release */,
			);
			defaultConfigurationIsVisible = 0;
			defaultConfigurationName = Release;
		};
		967328F628FA5C2600F7D909 /* Build configuration list for PBXNativeTarget "OutfitGenerator" */ = {
			isa = XCConfigurationList;
			buildConfigurations = (
				967328F728FA5C2600F7D909 /* Debug */,
				967328F828FA5C2600F7D909 /* Release */,
			);
			defaultConfigurationIsVisible = 0;
			defaultConfigurationName = Release;
		};
		967ADA9928FCCB5B00942FF1 /* Build configuration list for PBXNativeTarget "OutfitGeneratorTests" */ = {
			isa = XCConfigurationList;
			buildConfigurations = (
				967ADA9728FCCB5B00942FF1 /* Debug */,
				967ADA9828FCCB5B00942FF1 /* Release */,
			);
			defaultConfigurationIsVisible = 0;
			defaultConfigurationName = Release;
		};
/* End XCConfigurationList section */
	};
	rootObject = 967328DA28FA5C2400F7D909 /* Project object */;
}
