// !$*UTF8*$!
{
	archiveVersion = 1;
	classes = {
	};
	objectVersion = 56;
	objects = {

/* Begin PBXBuildFile section */
		967328E628FA5C2400F7D909 /* AppDelegate.swift in Sources */ = {isa = PBXBuildFile; fileRef = 967328E528FA5C2400F7D909 /* AppDelegate.swift */; };
		967328E828FA5C2400F7D909 /* SceneDelegate.swift in Sources */ = {isa = PBXBuildFile; fileRef = 967328E728FA5C2400F7D909 /* SceneDelegate.swift */; };
		967328EA28FA5C2400F7D909 /* ViewController.swift in Sources */ = {isa = PBXBuildFile; fileRef = 967328E928FA5C2400F7D909 /* ViewController.swift */; };
		967328EF28FA5C2600F7D909 /* Assets.xcassets in Resources */ = {isa = PBXBuildFile; fileRef = 967328EE28FA5C2600F7D909 /* Assets.xcassets */; };
		967328F228FA5C2600F7D909 /* LaunchScreen.storyboard in Resources */ = {isa = PBXBuildFile; fileRef = 967328F028FA5C2600F7D909 /* LaunchScreen.storyboard */; };
		967ADA9428FCCB5B00942FF1 /* OutfitGeneratorTests.swift in Sources */ = {isa = PBXBuildFile; fileRef = 967ADA9328FCCB5B00942FF1 /* OutfitGeneratorTests.swift */; };
/* End PBXBuildFile section */

/* Begin PBXContainerItemProxy section */
		967ADA9528FCCB5B00942FF1 /* PBXContainerItemProxy */ = {
			isa = PBXContainerItemProxy;
			containerPortal = 967328DA28FA5C2400F7D909 /* Project object */;
			proxyType = 1;
			remoteGlobalIDString = 967328E128FA5C2400F7D909;
			remoteInfo = OutfitGenerator;
		};
/* End PBXContainerItemProxy section */

/* Begin PBXFileReference section */
		967328E228FA5C2400F7D909 /* OutfitGenerator.app */ = {isa = PBXFileReference; explicitFileType = wrapper.application; includeInIndex = 0; path = OutfitGenerator.app; sourceTree = BUILT_PRODUCTS_DIR; };
		967328E528FA5C2400F7D909 /* AppDelegate.swift */ = {isa = PBXFileReference; lastKnownFileType = sourcecode.swift; path = AppDelegate.swift; sourceTree = "<group>"; };
		967328E728FA5C2400F7D909 /* SceneDelegate.swift */ = {isa = PBXFileReference; lastKnownFileType = sourcecode.swift; path = SceneDelegate.swift; sourceTree = "<group>"; };
		967328E928FA5C2400F7D909 /* ViewController.swift */ = {isa = PBXFileReference; lastKnownFileType = sourcecode.swift; path = ViewController.swift; sourceTree = "<group>"; };
		967328EE28FA5C2600F7D909 /* Assets.xcassets */ = {isa = PBXFileReference; lastKnownFileType = folder.assetcatalog; path = Assets.xcassets; sourceTree = "<group>"; };
		967328F128FA5C2600F7D909 /* Base */ = {isa = PBXFileReference; lastKnownFileType = file.storyboard; name = Base; path = Base.lproj/LaunchScreen.storyboard; sourceTree = "<group>"; };
		967328F328FA5C2600F7D909 /* Info.plist */ = {isa = PBXFileReference; lastKnownFileType = text.plist.xml; path = Info.plist; sourceTree = "<group>"; };
		967ADA9128FCCB5B00942FF1 /* OutfitGeneratorTests.xctest */ = {isa = PBXFileReference; explicitFileType = wrapper.cfbundle; includeInIndex = 0; path = OutfitGeneratorTests.xctest; sourceTree = BUILT_PRODUCTS_DIR; };
		967ADA9328FCCB5B00942FF1 /* OutfitGeneratorTests.swift */ = {isa = PBXFileReference; lastKnownFileType = sourcecode.swift; path = OutfitGeneratorTests.swift; sourceTree = "<group>"; };
/* End PBXFileReference section */

/* Begin PBXFrameworksBuildPhase section */
		967328DF28FA5C2400F7D909 /* Frameworks */ = {
			isa = PBXFrameworksBuildPhase;
			buildActionMask = 2147483647;
			files = (
			);
			runOnlyForDeploymentPostprocessing = 0;
		};
		967ADA8E28FCCB5B00942FF1 /* Frameworks */ = {
			isa = PBXFrameworksBuildPhase;
			buildActionMask = 2147483647;
			files = (
			);
			runOnlyForDeploymentPostprocessing = 0;
		};
/* End PBXFrameworksBuildPhase section */

/* Begin PBXGroup section */
		967328D928FA5C2400F7D909 = {
			isa = PBXGroup;
			children = (
				967328E428FA5C2400F7D909 /* OutfitGenerator */,
				967ADA9228FCCB5B00942FF1 /* OutfitGeneratorTests */,
				967328E328FA5C2400F7D909 /* Products */,
			);
			sourceTree = "<group>";
		};
		967328E328FA5C2400F7D909 /* Products */ = {
			isa = PBXGroup;
			children = (
				967328E228FA5C2400F7D909 /* OutfitGenerator.app */,
				967ADA9128FCCB5B00942FF1 /* OutfitGeneratorTests.xctest */,
			);
			name = Products;
			sourceTree = "<group>";
		};
		967328E428FA5C2400F7D909 /* OutfitGenerator */ = {
			isa = PBXGroup;
			children = (
				967328E528FA5C2400F7D909 /* AppDelegate.swift */,
				967328E728FA5C2400F7D909 /* SceneDelegate.swift */,
				967328E928FA5C2400F7D909 /* ViewController.swift */,
				967328EE28FA5C2600F7D909 /* Assets.xcassets */,
				967328F028FA5C2600F7D909 /* LaunchScreen.storyboard */,
				967328F328FA5C2600F7D909 /* Info.plist */,
			);
			path = OutfitGenerator;
			sourceTree = "<group>";
		};
		967ADA9228FCCB5B00942FF1 /* OutfitGeneratorTests */ = {
			isa = PBXGroup;
			children = (
				967ADA9328FCCB5B00942FF1 /* OutfitGeneratorTests.swift */,
			);
			path = OutfitGeneratorTests;
			sourceTree = "<group>";
		};
/* End PBXGroup section */

/* Begin PBXNativeTarget section */
		967328E128FA5C2400F7D909 /* OutfitGenerator */ = {
			isa = PBXNativeTarget;
			buildConfigurationList = 967328F628FA5C2600F7D909 /* Build configuration list for PBXNativeTarget "OutfitGenerator" */;
			buildPhases = (
				967328DE28FA5C2400F7D909 /* Sources */,
				967328DF28FA5C2400F7D909 /* Frameworks */,
				967328E028FA5C2400F7D909 /* Resources */,
			);
			buildRules = (
			);
			dependencies = (
			);
			name = OutfitGenerator;
			productName = OutfitGenerator;
			productReference = 967328E228FA5C2400F7D909 /* OutfitGenerator.app */;
			productType = "com.apple.product-type.application";
		};
		967ADA9028FCCB5B00942FF1 /* OutfitGeneratorTests */ = {
			isa = PBXNativeTarget;
			buildConfigurationList = 967ADA9928FCCB5B00942FF1 /* Build configuration list for PBXNativeTarget "OutfitGeneratorTests" */;
			buildPhases = (
				967ADA8D28FCCB5B00942FF1 /* Sources */,
				967ADA8E28FCCB5B00942FF1 /* Frameworks */,
				967ADA8F28FCCB5B00942FF1 /* Resources */,
			);
			buildRules = (
			);
			dependencies = (
				967ADA9628FCCB5B00942FF1 /* PBXTargetDependency */,
			);
			name = OutfitGeneratorTests;
			productName = OutfitGeneratorTests;
			productReference = 967ADA9128FCCB5B00942FF1 /* OutfitGeneratorTests.xctest */;
			productType = "com.apple.product-type.bundle.unit-test";
		};
/* End PBXNativeTarget section */

/* Begin PBXProject section */
		967328DA28FA5C2400F7D909 /* Project object */ = {
			isa = PBXProject;
			attributes = {
				BuildIndependentTargetsInParallel = 1;
				LastSwiftUpdateCheck = 1400;
				LastUpgradeCheck = 1400;
				TargetAttributes = {
					967328E128FA5C2400F7D909 = {
						CreatedOnToolsVersion = 14.0.1;
					};
					967ADA9028FCCB5B00942FF1 = {
						CreatedOnToolsVersion = 14.0.1;
						TestTargetID = 967328E128FA5C2400F7D909;
					};
				};
			};
			buildConfigurationList = 967328DD28FA5C2400F7D909 /* Build configuration list for PBXProject "OutfitGenerator" */;
			compatibilityVersion = "Xcode 14.0";
			developmentRegion = en;
			hasScannedForEncodings = 0;
			knownRegions = (
				en,
				Base,
			);
			mainGroup = 967328D928FA5C2400F7D909;
			productRefGroup = 967328E328FA5C2400F7D909 /* Products */;
			projectDirPath = "";
			projectRoot = "";
			targets = (
				967328E128FA5C2400F7D909 /* OutfitGenerator */,
				967ADA9028FCCB5B00942FF1 /* OutfitGeneratorTests */,
			);
		};
/* End PBXProject section */

/* Begin PBXResourcesBuildPhase section */
		967328E028FA5C2400F7D909 /* Resources */ = {
			isa = PBXResourcesBuildPhase;
			buildActionMask = 2147483647;
			files = (
				967328F228FA5C2600F7D909 /* LaunchScreen.storyboard in Resources */,
				967328EF28FA5C2600F7D909 /* Assets.xcassets in Resources */,
			);
			runOnlyForDeploymentPostprocessing = 0;
		};
		967ADA8F28FCCB5B00942FF1 /* Resources */ = {
			isa = PBXResourcesBuildPhase;
			buildActionMask = 2147483647;
			files = (
			);
			runOnlyForDeploymentPostprocessing = 0;
		};
/* End PBXResourcesBuildPhase section */

/* Begin PBXSourcesBuildPhase section */
		967328DE28FA5C2400F7D909 /* Sources */ = {
			isa = PBXSourcesBuildPhase;
			buildActionMask = 2147483647;
			files = (
				967328EA28FA5C2400F7D909 /* ViewController.swift in Sources */,
				967328E628FA5C2400F7D909 /* AppDelegate.swift in Sources */,
				967328E828FA5C2400F7D909 /* SceneDelegate.swift in Sources */,
			);
			runOnlyForDeploymentPostprocessing = 0;
		};
		967ADA8D28FCCB5B00942FF1 /* Sources */ = {
			isa = PBXSourcesBuildPhase;
			buildActionMask = 2147483647;
			files = (
				967ADA9428FCCB5B00942FF1 /* OutfitGeneratorTests.swift in Sources */,
			);
			runOnlyForDeploymentPostprocessing = 0;
		};
/* End PBXSourcesBuildPhase section */

/* Begin PBXTargetDependency section */
		967ADA9628FCCB5B00942FF1 /* PBXTargetDependency */ = {
			isa = PBXTargetDependency;
			target = 967328E128FA5C2400F7D909 /* OutfitGenerator */;
			targetProxy = 967ADA9528FCCB5B00942FF1 /* PBXContainerItemProxy */;
		};
/* End PBXTargetDependency section */

/* Begin PBXVariantGroup section */
		967328F028FA5C2600F7D909 /* LaunchScreen.storyboard */ = {
			isa = PBXVariantGroup;
			children = (
				967328F128FA5C2600F7D909 /* Base */,
			);
			name = LaunchScreen.storyboard;
			sourceTree = "<group>";
		};
/* End PBXVariantGroup section */

/* Begin XCBuildConfiguration section */
		967328F428FA5C2600F7D909 /* Debug */ = {
			isa = XCBuildConfiguration;
			buildSettings = {
				ALWAYS_SEARCH_USER_PATHS = NO;
				CLANG_ANALYZER_NONNULL = YES;
				CLANG_ANALYZER_NUMBER_OBJECT_CONVERSION = YES_AGGRESSIVE;
				CLANG_CXX_LANGUAGE_STANDARD = "gnu++20";
				CLANG_ENABLE_MODULES = YES;
				CLANG_ENABLE_OBJC_ARC = YES;
				CLANG_ENABLE_OBJC_WEAK = YES;
				CLANG_WARN_BLOCK_CAPTURE_AUTORELEASING = YES;
				CLANG_WARN_BOOL_CONVERSION = YES;
				CLANG_WARN_COMMA = YES;
				CLANG_WARN_CONSTANT_CONVERSION = YES;
				CLANG_WARN_DEPRECATED_OBJC_IMPLEMENTATIONS = YES;
				CLANG_WARN_DIRECT_OBJC_ISA_USAGE = YES_ERROR;
				CLANG_WARN_DOCUMENTATION_COMMENTS = YES;
				CLANG_WARN_EMPTY_BODY = YES;
				CLANG_WARN_ENUM_CONVERSION = YES;
				CLANG_WARN_INFINITE_RECURSION = YES;
				CLANG_WARN_INT_CONVERSION = YES;
				CLANG_WARN_NON_LITERAL_NULL_CONVERSION = YES;
				CLANG_WARN_OBJC_IMPLICIT_RETAIN_SELF = YES;
				CLANG_WARN_OBJC_LITERAL_CONVERSION = YES;
				CLANG_WARN_OBJC_ROOT_CLASS = YES_ERROR;
				CLANG_WARN_QUOTED_INCLUDE_IN_FRAMEWORK_HEADER = YES;
				CLANG_WARN_RANGE_LOOP_ANALYSIS = YES;
				CLANG_WARN_STRICT_PROTOTYPES = YES;
				CLANG_WARN_SUSPICIOUS_MOVE = YES;
				CLANG_WARN_UNGUARDED_AVAILABILITY = YES_AGGRESSIVE;
				CLANG_WARN_UNREACHABLE_CODE = YES;
				CLANG_WARN__DUPLICATE_METHOD_MATCH = YES;
				COPY_PHASE_STRIP = NO;
				DEBUG_INFORMATION_FORMAT = dwarf;
				ENABLE_STRICT_OBJC_MSGSEND = YES;
				ENABLE_TESTABILITY = YES;
				GCC_C_LANGUAGE_STANDARD = gnu11;
				GCC_DYNAMIC_NO_PIC = NO;
				GCC_NO_COMMON_BLOCKS = YES;
				GCC_OPTIMIZATION_LEVEL = 0;
				GCC_PREPROCESSOR_DEFINITIONS = (
					"DEBUG=1",
					"$(inherited)",
				);
				GCC_WARN_64_TO_32_BIT_CONVERSION = YES;
				GCC_WARN_ABOUT_RETURN_TYPE = YES_ERROR;
				GCC_WARN_UNDECLARED_SELECTOR = YES;
				GCC_WARN_UNINITIALIZED_AUTOS = YES_AGGRESSIVE;
				GCC_WARN_UNUSED_FUNCTION = YES;
				GCC_WARN_UNUSED_VARIABLE = YES;
				IPHONEOS_DEPLOYMENT_TARGET = 16.0;
				MTL_ENABLE_DEBUG_INFO = INCLUDE_SOURCE;
				MTL_FAST_MATH = YES;
				ONLY_ACTIVE_ARCH = YES;
				SDKROOT = iphoneos;
				SWIFT_ACTIVE_COMPILATION_CONDITIONS = DEBUG;
				SWIFT_OPTIMIZATION_LEVEL = "-Onone";
			};
			name = Debug;
		};
		967328F528FA5C2600F7D909 /* Release */ = {
			isa = XCBuildConfiguration;
			buildSettings = {
				ALWAYS_SEARCH_USER_PATHS = NO;
				CLANG_ANALYZER_NONNULL = YES;
				CLANG_ANALYZER_NUMBER_OBJECT_CONVERSION = YES_AGGRESSIVE;
				CLANG_CXX_LANGUAGE_STANDARD = "gnu++20";
				CLANG_ENABLE_MODULES = YES;
				CLANG_ENABLE_OBJC_ARC = YES;
				CLANG_ENABLE_OBJC_WEAK = YES;
				CLANG_WARN_BLOCK_CAPTURE_AUTORELEASING = YES;
				CLANG_WARN_BOOL_CONVERSION = YES;
				CLANG_WARN_COMMA = YES;
				CLANG_WARN_CONSTANT_CONVERSION = YES;
				CLANG_WARN_DEPRECATED_OBJC_IMPLEMENTATIONS = YES;
				CLANG_WARN_DIRECT_OBJC_ISA_USAGE = YES_ERROR;
				CLANG_WARN_DOCUMENTATION_COMMENTS = YES;
				CLANG_WARN_EMPTY_BODY = YES;
				CLANG_WARN_ENUM_CONVERSION = YES;
				CLANG_WARN_INFINITE_RECURSION = YES;
				CLANG_WARN_INT_CONVERSION = YES;
				CLANG_WARN_NON_LITERAL_NULL_CONVERSION = YES;
				CLANG_WARN_OBJC_IMPLICIT_RETAIN_SELF = YES;
				CLANG_WARN_OBJC_LITERAL_CONVERSION = YES;
				CLANG_WARN_OBJC_ROOT_CLASS = YES_ERROR;
				CLANG_WARN_QUOTED_INCLUDE_IN_FRAMEWORK_HEADER = YES;
				CLANG_WARN_RANGE_LOOP_ANALYSIS = YES;
				CLANG_WARN_STRICT_PROTOTYPES = YES;
				CLANG_WARN_SUSPICIOUS_MOVE = YES;
				CLANG_WARN_UNGUARDED_AVAILABILITY = YES_AGGRESSIVE;
				CLANG_WARN_UNREACHABLE_CODE = YES;
				CLANG_WARN__DUPLICATE_METHOD_MATCH = YES;
				COPY_PHASE_STRIP = NO;
				DEBUG_INFORMATION_FORMAT = "dwarf-with-dsym";
				ENABLE_NS_ASSERTIONS = NO;
				ENABLE_STRICT_OBJC_MSGSEND = YES;
				GCC_C_LANGUAGE_STANDARD = gnu11;
				GCC_NO_COMMON_BLOCKS = YES;
				GCC_WARN_64_TO_32_BIT_CONVERSION = YES;
				GCC_WARN_ABOUT_RETURN_TYPE = YES_ERROR;
				GCC_WARN_UNDECLARED_SELECTOR = YES;
				GCC_WARN_UNINITIALIZED_AUTOS = YES_AGGRESSIVE;
				GCC_WARN_UNUSED_FUNCTION = YES;
				GCC_WARN_UNUSED_VARIABLE = YES;
				IPHONEOS_DEPLOYMENT_TARGET = 16.0;
				MTL_ENABLE_DEBUG_INFO = NO;
				MTL_FAST_MATH = YES;
				SDKROOT = iphoneos;
				SWIFT_COMPILATION_MODE = wholemodule;
				SWIFT_OPTIMIZATION_LEVEL = "-O";
				VALIDATE_PRODUCT = YES;
			};
			name = Release;
		};
		967328F728FA5C2600F7D909 /* Debug */ = {
			isa = XCBuildConfiguration;
			buildSettings = {
				ASSETCATALOG_COMPILER_APPICON_NAME = AppIcon;
				ASSETCATALOG_COMPILER_GLOBAL_ACCENT_COLOR_NAME = AccentColor;
				CODE_SIGN_STYLE = Automatic;
				CURRENT_PROJECT_VERSION = 1;
				DEVELOPMENT_TEAM = Q3U773K53Y;
				GENERATE_INFOPLIST_FILE = YES;
				INFOPLIST_FILE = OutfitGenerator/Info.plist;
				INFOPLIST_KEY_UIApplicationSupportsIndirectInputEvents = YES;
				INFOPLIST_KEY_UILaunchStoryboardName = LaunchScreen;
				INFOPLIST_KEY_UISupportedInterfaceOrientations_iPad = "UIInterfaceOrientationPortrait UIInterfaceOrientationPortraitUpsideDown UIInterfaceOrientationLandscapeLeft UIInterfaceOrientationLandscapeRight";
				INFOPLIST_KEY_UISupportedInterfaceOrientations_iPhone = "UIInterfaceOrientationPortrait UIInterfaceOrientationLandscapeLeft UIInterfaceOrientationLandscapeRight";
				LD_RUNPATH_SEARCH_PATHS = (
					"$(inherited)",
					"@executable_path/Frameworks",
				);
				MARKETING_VERSION = 1.0;
				PRODUCT_BUNDLE_IDENTIFIER = com.github.japanesecoffee.OutfitGenerator;
				PRODUCT_NAME = "$(TARGET_NAME)";
				SWIFT_EMIT_LOC_STRINGS = YES;
				SWIFT_VERSION = 5.0;
				TARGETED_DEVICE_FAMILY = "1,2";
			};
			name = Debug;
		};
		967328F828FA5C2600F7D909 /* Release */ = {
			isa = XCBuildConfiguration;
			buildSettings = {
				ASSETCATALOG_COMPILER_APPICON_NAME = AppIcon;
				ASSETCATALOG_COMPILER_GLOBAL_ACCENT_COLOR_NAME = AccentColor;
				CODE_SIGN_STYLE = Automatic;
				CURRENT_PROJECT_VERSION = 1;
				DEVELOPMENT_TEAM = Q3U773K53Y;
				GENERATE_INFOPLIST_FILE = YES;
				INFOPLIST_FILE = OutfitGenerator/Info.plist;
				INFOPLIST_KEY_UIApplicationSupportsIndirectInputEvents = YES;
				INFOPLIST_KEY_UILaunchStoryboardName = LaunchScreen;
				INFOPLIST_KEY_UISupportedInterfaceOrientations_iPad = "UIInterfaceOrientationPortrait UIInterfaceOrientationPortraitUpsideDown UIInterfaceOrientationLandscapeLeft UIInterfaceOrientationLandscapeRight";
				INFOPLIST_KEY_UISupportedInterfaceOrientations_iPhone = "UIInterfaceOrientationPortrait UIInterfaceOrientationLandscapeLeft UIInterfaceOrientationLandscapeRight";
				LD_RUNPATH_SEARCH_PATHS = (
					"$(inherited)",
					"@executable_path/Frameworks",
				);
				MARKETING_VERSION = 1.0;
				PRODUCT_BUNDLE_IDENTIFIER = com.github.japanesecoffee.OutfitGenerator;
				PRODUCT_NAME = "$(TARGET_NAME)";
				SWIFT_EMIT_LOC_STRINGS = YES;
				SWIFT_VERSION = 5.0;
				TARGETED_DEVICE_FAMILY = "1,2";
			};
			name = Release;
		};
		967ADA9728FCCB5B00942FF1 /* Debug */ = {
			isa = XCBuildConfiguration;
			buildSettings = {
				BUNDLE_LOADER = "$(TEST_HOST)";
				CODE_SIGN_STYLE = Automatic;
				CURRENT_PROJECT_VERSION = 1;
				DEVELOPMENT_TEAM = Q3U773K53Y;
				GENERATE_INFOPLIST_FILE = YES;
				IPHONEOS_DEPLOYMENT_TARGET = 16.0;
				MACOSX_DEPLOYMENT_TARGET = 12.3;
				MARKETING_VERSION = 1.0;
				PRODUCT_BUNDLE_IDENTIFIER = com.github.japanesecoffee.OutfitGeneratorTests;
				PRODUCT_NAME = "$(TARGET_NAME)";
				SDKROOT = auto;
				SUPPORTED_PLATFORMS = "iphoneos iphonesimulator macosx";
				SWIFT_EMIT_LOC_STRINGS = NO;
				SWIFT_VERSION = 5.0;
				TARGETED_DEVICE_FAMILY = "1,2";
				TEST_HOST = "$(BUILT_PRODUCTS_DIR)/OutfitGenerator.app/$(BUNDLE_EXECUTABLE_FOLDER_PATH)/OutfitGenerator";
			};
			name = Debug;
		};
		967ADA9828FCCB5B00942FF1 /* Release */ = {
			isa = XCBuildConfiguration;
			buildSettings = {
				BUNDLE_LOADER = "$(TEST_HOST)";
				CODE_SIGN_STYLE = Automatic;
				CURRENT_PROJECT_VERSION = 1;
				DEVELOPMENT_TEAM = Q3U773K53Y;
				GENERATE_INFOPLIST_FILE = YES;
				IPHONEOS_DEPLOYMENT_TARGET = 16.0;
				MACOSX_DEPLOYMENT_TARGET = 12.3;
				MARKETING_VERSION = 1.0;
				PRODUCT_BUNDLE_IDENTIFIER = com.github.japanesecoffee.OutfitGeneratorTests;
				PRODUCT_NAME = "$(TARGET_NAME)";
				SDKROOT = auto;
				SUPPORTED_PLATFORMS = "iphoneos iphonesimulator macosx";
				SWIFT_EMIT_LOC_STRINGS = NO;
				SWIFT_VERSION = 5.0;
				TARGETED_DEVICE_FAMILY = "1,2";
				TEST_HOST = "$(BUILT_PRODUCTS_DIR)/OutfitGenerator.app/$(BUNDLE_EXECUTABLE_FOLDER_PATH)/OutfitGenerator";
			};
			name = Release;
		};
/* End XCBuildConfiguration section */

/* Begin XCConfigurationList section */
		967328DD28FA5C2400F7D909 /* Build configuration list for PBXProject "OutfitGenerator" */ = {
			isa = XCConfigurationList;
			buildConfigurations = (
				967328F428FA5C2600F7D909 /* Debug */,
				967328F528FA5C2600F7D909 /* Release */,
			);
			defaultConfigurationIsVisible = 0;
			defaultConfigurationName = Release;
		};
		967328F628FA5C2600F7D909 /* Build configuration list for PBXNativeTarget "OutfitGenerator" */ = {
			isa = XCConfigurationList;
			buildConfigurations = (
				967328F728FA5C2600F7D909 /* Debug */,
				967328F828FA5C2600F7D909 /* Release */,
			);
			defaultConfigurationIsVisible = 0;
			defaultConfigurationName = Release;
		};
		967ADA9928FCCB5B00942FF1 /* Build configuration list for PBXNativeTarget "OutfitGeneratorTests" */ = {
			isa = XCConfigurationList;
			buildConfigurations = (
				967ADA9728FCCB5B00942FF1 /* Debug */,
				967ADA9828FCCB5B00942FF1 /* Release */,
			);
			defaultConfigurationIsVisible = 0;
			defaultConfigurationName = Release;
		};
/* End XCConfigurationList section */
	};
	rootObject = 967328DA28FA5C2400F7D909 /* Project object */;
}
